
Microsoft Visual Studio Solution File, Format Version 12.00
# Visual Studio Version 17
VisualStudioVersion = 17.9.34728.123
MinimumVisualStudioVersion = 10.0.40219.1
Project("{9A19103F-16F7-4668-BE54-9A1E7A4F7556}") = "cosmos-vector-samples", "cosmos-vector-samples.csproj", "{EF0D5C0A-CAF3-4BE8-8984-33A2E830464E}"
EndProject
Global
	GlobalSection(SolutionConfigurationPlatforms) = preSolution
		Debug|Any CPU = Debug|Any CPU
		Release|Any CPU = Release|Any CPU
	EndGlobalSection
	GlobalSection(ProjectConfigurationPlatforms) = postSolution
		{EF0D5C0A-CAF3-4BE8-8984-33A2E830464E}.Debug|Any CPU.ActiveCfg = Debug|Any CPU
		{EF0D5C0A-CAF3-4BE8-8984-33A2E830464E}.Debug|Any CPU.Build.0 = Debug|Any CPU
		{EF0D5C0A-CAF3-4BE8-8984-33A2E830464E}.Release|Any CPU.ActiveCfg = Release|Any CPU
		{EF0D5C0A-CAF3-4BE8-8984-33A2E830464E}.Release|Any CPU.Build.0 = Release|Any CPU
	EndGlobalSection
	GlobalSection(SolutionProperties) = preSolution
		HideSolutionNode = FALSE
	EndGlobalSection
	GlobalSection(ExtensibilityGlobals) = postSolution
		SolutionGuid = {5C0E3505-E205-4041-991D-F10CB98F07C6}
	EndGlobalSection
EndGlobal
